PODS:
  - charset_converter (0.0.1):
    - Flutter
  - Flutter (1.0.0)
  - flutter_bluetooth_basic (0.0.1):
    - Flutter
  - path_provider_foundation (0.0.1):
    - Flutter
    - FlutterMacOS

DEPENDENCIES:
  - charset_converter (from `.symlinks/plugins/charset_converter/ios`)
  - Flutter (from `Flutter`)
  - flutter_bluetooth_basic (from `.symlinks/plugins/flutter_bluetooth_basic/ios`)
  - path_provider_foundation (from `.symlinks/plugins/path_provider_foundation/darwin`)

EXTERNAL SOURCES:
  charset_converter:
    :path: ".symlinks/plugins/charset_converter/ios"
  Flutter:
    :path: Flutter
  flutter_bluetooth_basic:
    :path: ".symlinks/plugins/flutter_bluetooth_basic/ios"
  path_provider_foundation:
    :path: ".symlinks/plugins/path_provider_foundation/darwin"

SPEC CHECKSUMS:
  charset_converter: 82bc1d2e3c70dcb51bf769e9772e3ae5b2571695
  Flutter: e0871f40cf51350855a761d2e70bf5af5b9b5de7
  flutter_bluetooth_basic: 0b5a7ff38766503fc8d2cb4380c1ceda051c7b79
  path_provider_foundation: 080d55be775b7414fd5a5ef3ac137b97b097e564

PODFILE CHECKSUM: 1a782344d33c12ced0182eeab11e8668d253eb48

COCOAPODS: 1.16.2
